Microsoft Visual Studio Solution File, Format Version 12.00
# Visual Studio Version 17
VisualStudioVersion = 17.0.31919.166
MinimumVisualStudioVersion = 16.0.0.0
Project("{9A19103F-16F7-4668-BE54-9A1E7A4F7556}") = "WorkoutsTrackerApp.Server", "Server\WorkoutsTrackerApp.Server.csproj", "{48DBFA72-8E21-425D-9C9B-BCB51184C1B9}"
EndProject
Project("{9A19103F-16F7-4668-BE54-9A1E7A4F7556}") = "WorkoutsTrackerApp.Client", "Client\WorkoutsTrackerApp.Client.csproj", "{7423C612-D858-4374-AB5F-0D071E4F14C7}"
EndProject
Project("{9A19103F-16F7-4668-BE54-9A1E7A4F7556}") = "WorkoutsTrackerApp.Shared", "Shared\WorkoutsTrackerApp.Shared.csproj", "{94090EF2-514F-429E-9709-DAB30A1F094E}"
EndProject
Global
	GlobalSection(SolutionConfigurationPlatforms) = preSolution
		Debug|Any CPU = Debug|Any CPU
		Debug|x64 = Debug|x64
		Debug|x86 = Debug|x86
		Release|Any CPU = Release|Any CPU
		Release|x64 = Release|x64
		Release|x86 = Release|x86
	EndGlobalSection
	GlobalSection(ProjectConfigurationPlatforms) = postSolution
		{48DBFA72-8E21-425D-9C9B-BCB51184C1B9}.Debug|Any CPU.ActiveCfg = Debug|Any CPU
		{48DBFA72-8E21-425D-9C9B-BCB51184C1B9}.Debug|Any CPU.Build.0 = Debug|Any CPU
		{48DBFA72-8E21-425D-9C9B-BCB51184C1B9}.Debug|x64.ActiveCfg = Debug|Any CPU
		{48DBFA72-8E21-425D-9C9B-BCB51184C1B9}.Debug|x64.Build.0 = Debug|Any CPU
		{48DBFA72-8E21-425D-9C9B-BCB51184C1B9}.Debug|x86.ActiveCfg = Debug|Any CPU
		{48DBFA72-8E21-425D-9C9B-BCB51184C1B9}.Debug|x86.Build.0 = Debug|Any CPU
		{48DBFA72-8E21-425D-9C9B-BCB51184C1B9}.Release|Any CPU.ActiveCfg = Release|Any CPU
		{48DBFA72-8E21-425D-9C9B-BCB51184C1B9}.Release|Any CPU.Build.0 = Release|Any CPU
		{48DBFA72-8E21-425D-9C9B-BCB51184C1B9}.Release|x64.ActiveCfg = Release|Any CPU
		{48DBFA72-8E21-425D-9C9B-BCB51184C1B9}.Release|x64.Build.0 = Release|Any CPU
		{48DBFA72-8E21-425D-9C9B-BCB51184C1B9}.Release|x86.ActiveCfg = Release|Any CPU
		{48DBFA72-8E21-425D-9C9B-BCB51184C1B9}.Release|x86.Build.0 = Release|Any CPU
		{7423C612-D858-4374-AB5F-0D071E4F14C7}.Debug|Any CPU.ActiveCfg = Debug|Any CPU
		{7423C612-D858-4374-AB5F-0D071E4F14C7}.Debug|Any CPU.Build.0 = Debug|Any CPU
		{7423C612-D858-4374-AB5F-0D071E4F14C7}.Debug|x64.ActiveCfg = Debug|Any CPU
		{7423C612-D858-4374-AB5F-0D071E4F14C7}.Debug|x64.Build.0 = Debug|Any CPU
		{7423C612-D858-4374-AB5F-0D071E4F14C7}.Debug|x86.ActiveCfg = Debug|Any CPU
		{7423C612-D858-4374-AB5F-0D071E4F14C7}.Debug|x86.Build.0 = Debug|Any CPU
		{7423C612-D858-4374-AB5F-0D071E4F14C7}.Release|Any CPU.ActiveCfg = Release|Any CPU
		{7423C612-D858-4374-AB5F-0D071E4F14C7}.Release|Any CPU.Build.0 = Release|Any CPU
		{7423C612-D858-4374-AB5F-0D071E4F14C7}.Release|x64.ActiveCfg = Release|Any CPU
		{7423C612-D858-4374-AB5F-0D071E4F14C7}.Release|x64.Build.0 = Release|Any CPU
		{7423C612-D858-4374-AB5F-0D071E4F14C7}.Release|x86.ActiveCfg = Release|Any CPU
		{7423C612-D858-4374-AB5F-0D071E4F14C7}.Release|x86.Build.0 = Release|Any CPU
		{94090EF2-514F-429E-9709-DAB30A1F094E}.Debug|Any CPU.ActiveCfg = Debug|Any CPU
		{94090EF2-514F-429E-9709-DAB30A1F094E}.Debug|Any CPU.Build.0 = Debug|Any CPU
		{94090EF2-514F-429E-9709-DAB30A1F094E}.Debug|x64.ActiveCfg = Debug|Any CPU
		{94090EF2-514F-429E-9709-DAB30A1F094E}.Debug|x64.Build.0 = Debug|Any CPU
		{94090EF2-514F-429E-9709-DAB30A1F094E}.Debug|x86.ActiveCfg = Debug|Any CPU
		{94090EF2-514F-429E-9709-DAB30A1F094E}.Debug|x86.Build.0 = Debug|Any CPU
		{94090EF2-514F-429E-9709-DAB30A1F094E}.Release|Any CPU.ActiveCfg = Release|Any CPU
		{94090EF2-514F-429E-9709-DAB30A1F094E}.Release|Any CPU.Build.0 = Release|Any CPU
		{94090EF2-514F-429E-9709-DAB30A1F094E}.Release|x64.ActiveCfg = Release|Any CPU
		{94090EF2-514F-429E-9709-DAB30A1F094E}.Release|x64.Build.0 = Release|Any CPU
		{94090EF2-514F-429E-9709-DAB30A1F094E}.Release|x86.ActiveCfg = Release|Any CPU
		{94090EF2-514F-429E-9709-DAB30A1F094E}.Release|x86.Build.0 = Release|Any CPU
	EndGlobalSection
	GlobalSection(SolutionProperties) = preSolution
		HideSolutionNode = FALSE
	EndGlobalSection
	GlobalSection(ExtensibilityGlobals) = postSolution
		SolutionGuid = {1F62A43F-09A6-456A-8DF6-5A3A9B3FC393}
	EndGlobalSection
EndGlobal
